
Microsoft Visual Studio Solution File, Format Version 12.00
# Visual Studio Version 17
VisualStudioVersion = 17.3.32929.385
MinimumVisualStudioVersion = 10.0.40219.1
Project("{FAE04EC0-301F-11D3-BF4B-00C04F79EFBC}") = "SortAlgorithms", "SortAlgorithms\SortAlgorithms.csproj", "{ABD5BCD0-BEDD-46B3-B91B-0584BF341BE0}"
EndProject
Global
	GlobalSection(SolutionConfigurationPlatforms) = preSolution
		Debug|Any CPU = Debug|Any CPU
		Release|Any CPU = Release|Any CPU
	EndGlobalSection
	GlobalSection(ProjectConfigurationPlatforms) = postSolution
		{ABD5BCD0-BEDD-46B3-B91B-0584BF341BE0}.Debug|Any CPU.ActiveCfg = Debug|Any CPU
		{ABD5BCD0-BEDD-46B3-B91B-0584BF341BE0}.Debug|Any CPU.Build.0 = Debug|Any CPU
		{ABD5BCD0-BEDD-46B3-B91B-0584BF341BE0}.Release|Any CPU.ActiveCfg = Release|Any CPU
		{ABD5BCD0-BEDD-46B3-B91B-0584BF341BE0}.Release|Any CPU.Build.0 = Release|Any CPU
	EndGlobalSection
	GlobalSection(SolutionProperties) = preSolution
		HideSolutionNode = FALSE
	EndGlobalSection
	GlobalSection(ExtensibilityGlobals) = postSolution
		SolutionGuid = {47D78A0E-E22C-476F-BFE8-37D0E600F52B}
	EndGlobalSection
EndGlobal
