
Microsoft Visual Studio Solution File, Format Version 12.00
# Visual Studio Version 17
VisualStudioVersion = 17.4.33213.308
MinimumVisualStudioVersion = 10.0.40219.1
Project("{FAE04EC0-301F-11D3-BF4B-00C04F79EFBC}") = "Vectors", "Vectors\Vectors.csproj", "{54B1E0D7-3B1D-41A4-B8AA-C3201D7D435B}"
EndProject
Global
	GlobalSection(SolutionConfigurationPlatforms) = preSolution
		Debug|Any CPU = Debug|Any CPU
		Release|Any CPU = Release|Any CPU
	EndGlobalSection
	GlobalSection(ProjectConfigurationPlatforms) = postSolution
		{54B1E0D7-3B1D-41A4-B8AA-C3201D7D435B}.Debug|Any CPU.ActiveCfg = Debug|Any CPU
		{54B1E0D7-3B1D-41A4-B8AA-C3201D7D435B}.Debug|Any CPU.Build.0 = Debug|Any CPU
		{54B1E0D7-3B1D-41A4-B8AA-C3201D7D435B}.Release|Any CPU.ActiveCfg = Release|Any CPU
		{54B1E0D7-3B1D-41A4-B8AA-C3201D7D435B}.Release|Any CPU.Build.0 = Release|Any CPU
	EndGlobalSection
	GlobalSection(SolutionProperties) = preSolution
		HideSolutionNode = FALSE
	EndGlobalSection
	GlobalSection(ExtensibilityGlobals) = postSolution
		SolutionGuid = {4D5ED2B2-0659-4454-8E22-30BEA3A302E1}
	EndGlobalSection
EndGlobal
